
Microsoft Visual Studio Solution File, Format Version 12.00
# Visual Studio Version 17
VisualStudioVersion = 17.6.33723.286
MinimumVisualStudioVersion = 10.0.40219.1
Project("{2150E333-8FDC-42A3-9474-1A3956D46DE8}") = "src", "src", "{38F4A19D-7C7E-4BFA-B612-B3AC7235BD54}"
EndProject
Project("{2150E333-8FDC-42A3-9474-1A3956D46DE8}") = "tests", "tests", "{1D786BD6-F3A8-41B8-AC73-F42EF891D50C}"
EndProject
Project("{FAE04EC0-301F-11D3-BF4B-00C04F79EFBC}") = "FunctionAppArchitecture.UserRegistration", "FunctionAppArchitecture.UserRegistration\FunctionAppArchitecture.UserRegistration.csproj", "{629B7263-7592-4CA0-969F-41862D59C05A}"
EndProject
Project("{FAE04EC0-301F-11D3-BF4B-00C04F79EFBC}") = "FunctionAppArchitecture.Shared", "FunctionAppArchitecture.Shared\FunctionAppArchitecture.Shared.csproj", "{14525560-1881-440F-8AA1-4512082CD7B8}"
EndProject
Global
	GlobalSection(SolutionConfigurationPlatforms) = preSolution
		Debug|Any CPU = Debug|Any CPU
		Release|Any CPU = Release|Any CPU
	EndGlobalSection
	GlobalSection(ProjectConfigurationPlatforms) = postSolution
		{629B7263-7592-4CA0-969F-41862D59C05A}.Debug|Any CPU.ActiveCfg = Debug|Any CPU
		{629B7263-7592-4CA0-969F-41862D59C05A}.Debug|Any CPU.Build.0 = Debug|Any CPU
		{629B7263-7592-4CA0-969F-41862D59C05A}.Release|Any CPU.ActiveCfg = Release|Any CPU
		{629B7263-7592-4CA0-969F-41862D59C05A}.Release|Any CPU.Build.0 = Release|Any CPU
		{14525560-1881-440F-8AA1-4512082CD7B8}.Debug|Any CPU.ActiveCfg = Debug|Any CPU
		{14525560-1881-440F-8AA1-4512082CD7B8}.Debug|Any CPU.Build.0 = Debug|Any CPU
		{14525560-1881-440F-8AA1-4512082CD7B8}.Release|Any CPU.ActiveCfg = Release|Any CPU
		{14525560-1881-440F-8AA1-4512082CD7B8}.Release|Any CPU.Build.0 = Release|Any CPU
	EndGlobalSection
	GlobalSection(SolutionProperties) = preSolution
		HideSolutionNode = FALSE
	EndGlobalSection
	GlobalSection(NestedProjects) = preSolution
		{629B7263-7592-4CA0-969F-41862D59C05A} = {38F4A19D-7C7E-4BFA-B612-B3AC7235BD54}
		{14525560-1881-440F-8AA1-4512082CD7B8} = {38F4A19D-7C7E-4BFA-B612-B3AC7235BD54}
	EndGlobalSection
	GlobalSection(ExtensibilityGlobals) = postSolution
		SolutionGuid = {BB946B08-6FD4-4BB1-8BA5-34A736DB1F8A}
	EndGlobalSection
EndGlobal
